
Microsoft Visual Studio Solution File, Format Version 12.00
# Visual Studio Version 16
VisualStudioVersion = 16.0.31313.79
MinimumVisualStudioVersion = 10.0.40219.1
Project("{2150E333-8FDC-42A3-9474-1A3956D46DE8}") = "Microservices", "Microservices", "{85E6D4D3-857A-4CC1-B2B7-02F468F16348}"
EndProject
Project("{2150E333-8FDC-42A3-9474-1A3956D46DE8}") = "Presentation", "Presentation", "{84ED7BD0-07FE-4302-9B76-A0D028107E21}"
EndProject
Project("{2150E333-8FDC-42A3-9474-1A3956D46DE8}") = "Booking", "Booking", "{13DB9014-0882-4015-A35A-E4FDD03C251C}"
EndProject
Project("{2150E333-8FDC-42A3-9474-1A3956D46DE8}") = "Calendar", "Calendar", "{29B075B9-4396-4350-A03D-5434A759D687}"
EndProject
Project("{2150E333-8FDC-42A3-9474-1A3956D46DE8}") = "Api", "Api", "{6E14F4EC-0606-4589-87FB-2777B7431D2B}"
EndProject
Project("{2150E333-8FDC-42A3-9474-1A3956D46DE8}") = "Api", "Api", "{8DEA2A24-E528-4C34-8532-0500F73A24AF}"
EndProject
Project("{2150E333-8FDC-42A3-9474-1A3956D46DE8}") = "Tests", "Tests", "{ACF8EB7C-2996-4B3F-B77E-80BC0B7446AB}"
EndProject
Project("{9A19103F-16F7-4668-BE54-9A1E7A4F7556}") = "BookingApi", "BookingApi\BookingApi.csproj", "{3E374500-85F8-4A52-B80B-CBCDFBC3AB3E}"
EndProject
Project("{9A19103F-16F7-4668-BE54-9A1E7A4F7556}") = "BookingApi.Service", "BookingApi.Service\BookingApi.Service.csproj", "{D9D8C388-849F-4AC3-A850-058EB5A95728}"
EndProject
Project("{9A19103F-16F7-4668-BE54-9A1E7A4F7556}") = "BookingApi.Messaging.Send", "BookingApi.Messaging.Send\BookingApi.Messaging.Send.csproj", "{9DC4F53C-B57B-46EF-A5A4-E06A031A8C88}"
EndProject
Project("{9A19103F-16F7-4668-BE54-9A1E7A4F7556}") = "CalendarApi", "CalendarApi\CalendarApi.csproj", "{F3537862-58FC-46C4-B6A1-4FF024CDEE9E}"
EndProject
Project("{9A19103F-16F7-4668-BE54-9A1E7A4F7556}") = "CalendarApi.Domain", "CalendarApi.Domain\CalendarApi.Domain.csproj", "{DC264C3F-1E66-4AE6-A8AF-65256E73624C}"
EndProject
Project("{9A19103F-16F7-4668-BE54-9A1E7A4F7556}") = "CalendarApi.Messaging.Receive", "CalendarApi.Messaging.Receive\CalendarApi.Messaging.Receive.csproj", "{F2C57B4D-602E-4A79-8420-5BEB18C4C23D}"
EndProject
Project("{9A19103F-16F7-4668-BE54-9A1E7A4F7556}") = "CalendarApi.Data", "CalendarApi.Data\CalendarApi.Data.csproj", "{59D3B54A-413A-4D8F-9DF4-9E175EFC6604}"
EndProject
Project("{9A19103F-16F7-4668-BE54-9A1E7A4F7556}") = "CalendarApi.Service", "CalendarApi.Service\CalendarApi.Service.csproj", "{17C0C95E-6CE9-4CCB-924A-55362E20E4F4}"
EndProject
Project("{2150E333-8FDC-42A3-9474-1A3956D46DE8}") = "Tests", "Tests", "{39BDE948-4AEE-4660-8D24-745985BF1F8E}"
EndProject
Project("{9A19103F-16F7-4668-BE54-9A1E7A4F7556}") = "CalendarApi.Data.Test", "CalendarApi.Data.Tests\CalendarApi.Data.Test.csproj", "{EC19251A-82F2-4AFE-BEEE-EB22247B882A}"
EndProject
Project("{FAE04EC0-301F-11D3-BF4B-00C04F79EFBC}") = "CalendarApi.Test", "CalendarApi.Test\CalendarApi.Test.csproj", "{D8D0FB02-3486-41B3-9CFF-27C3FB64442F}"
EndProject
Project("{FAE04EC0-301F-11D3-BF4B-00C04F79EFBC}") = "CalendarApi.Services.Test", "CalendarApi.Services.Test\CalendarApi.Services.Test.csproj", "{321A1318-6EBB-495A-B13F-5993679AF7A1}"
EndProject
Global
	GlobalSection(SolutionConfigurationPlatforms) = preSolution
		Debug|Any CPU = Debug|Any CPU
		Release|Any CPU = Release|Any CPU
	EndGlobalSection
	GlobalSection(ProjectConfigurationPlatforms) = postSolution
		{3E374500-85F8-4A52-B80B-CBCDFBC3AB3E}.Debug|Any CPU.ActiveCfg = Debug|Any CPU
		{3E374500-85F8-4A52-B80B-CBCDFBC3AB3E}.Debug|Any CPU.Build.0 = Debug|Any CPU
		{3E374500-85F8-4A52-B80B-CBCDFBC3AB3E}.Release|Any CPU.ActiveCfg = Release|Any CPU
		{3E374500-85F8-4A52-B80B-CBCDFBC3AB3E}.Release|Any CPU.Build.0 = Release|Any CPU
		{D9D8C388-849F-4AC3-A850-058EB5A95728}.Debug|Any CPU.ActiveCfg = Debug|Any CPU
		{D9D8C388-849F-4AC3-A850-058EB5A95728}.Debug|Any CPU.Build.0 = Debug|Any CPU
		{D9D8C388-849F-4AC3-A850-058EB5A95728}.Release|Any CPU.ActiveCfg = Release|Any CPU
		{D9D8C388-849F-4AC3-A850-058EB5A95728}.Release|Any CPU.Build.0 = Release|Any CPU
		{9DC4F53C-B57B-46EF-A5A4-E06A031A8C88}.Debug|Any CPU.ActiveCfg = Debug|Any CPU
		{9DC4F53C-B57B-46EF-A5A4-E06A031A8C88}.Debug|Any CPU.Build.0 = Debug|Any CPU
		{9DC4F53C-B57B-46EF-A5A4-E06A031A8C88}.Release|Any CPU.ActiveCfg = Release|Any CPU
		{9DC4F53C-B57B-46EF-A5A4-E06A031A8C88}.Release|Any CPU.Build.0 = Release|Any CPU
		{F3537862-58FC-46C4-B6A1-4FF024CDEE9E}.Debug|Any CPU.ActiveCfg = Debug|Any CPU
		{F3537862-58FC-46C4-B6A1-4FF024CDEE9E}.Debug|Any CPU.Build.0 = Debug|Any CPU
		{F3537862-58FC-46C4-B6A1-4FF024CDEE9E}.Release|Any CPU.ActiveCfg = Release|Any CPU
		{F3537862-58FC-46C4-B6A1-4FF024CDEE9E}.Release|Any CPU.Build.0 = Release|Any CPU
		{DC264C3F-1E66-4AE6-A8AF-65256E73624C}.Debug|Any CPU.ActiveCfg = Debug|Any CPU
		{DC264C3F-1E66-4AE6-A8AF-65256E73624C}.Debug|Any CPU.Build.0 = Debug|Any CPU
		{DC264C3F-1E66-4AE6-A8AF-65256E73624C}.Release|Any CPU.ActiveCfg = Release|Any CPU
		{DC264C3F-1E66-4AE6-A8AF-65256E73624C}.Release|Any CPU.Build.0 = Release|Any CPU
		{F2C57B4D-602E-4A79-8420-5BEB18C4C23D}.Debug|Any CPU.ActiveCfg = Debug|Any CPU
		{F2C57B4D-602E-4A79-8420-5BEB18C4C23D}.Debug|Any CPU.Build.0 = Debug|Any CPU
		{F2C57B4D-602E-4A79-8420-5BEB18C4C23D}.Release|Any CPU.ActiveCfg = Release|Any CPU
		{F2C57B4D-602E-4A79-8420-5BEB18C4C23D}.Release|Any CPU.Build.0 = Release|Any CPU
		{59D3B54A-413A-4D8F-9DF4-9E175EFC6604}.Debug|Any CPU.ActiveCfg = Debug|Any CPU
		{59D3B54A-413A-4D8F-9DF4-9E175EFC6604}.Debug|Any CPU.Build.0 = Debug|Any CPU
		{59D3B54A-413A-4D8F-9DF4-9E175EFC6604}.Release|Any CPU.ActiveCfg = Release|Any CPU
		{59D3B54A-413A-4D8F-9DF4-9E175EFC6604}.Release|Any CPU.Build.0 = Release|Any CPU
		{17C0C95E-6CE9-4CCB-924A-55362E20E4F4}.Debug|Any CPU.ActiveCfg = Debug|Any CPU
		{17C0C95E-6CE9-4CCB-924A-55362E20E4F4}.Debug|Any CPU.Build.0 = Debug|Any CPU
		{17C0C95E-6CE9-4CCB-924A-55362E20E4F4}.Release|Any CPU.ActiveCfg = Release|Any CPU
		{17C0C95E-6CE9-4CCB-924A-55362E20E4F4}.Release|Any CPU.Build.0 = Release|Any CPU
		{EC19251A-82F2-4AFE-BEEE-EB22247B882A}.Debug|Any CPU.ActiveCfg = Debug|Any CPU
		{EC19251A-82F2-4AFE-BEEE-EB22247B882A}.Debug|Any CPU.Build.0 = Debug|Any CPU
		{EC19251A-82F2-4AFE-BEEE-EB22247B882A}.Release|Any CPU.ActiveCfg = Release|Any CPU
		{EC19251A-82F2-4AFE-BEEE-EB22247B882A}.Release|Any CPU.Build.0 = Release|Any CPU
		{D8D0FB02-3486-41B3-9CFF-27C3FB64442F}.Debug|Any CPU.ActiveCfg = Debug|Any CPU
		{D8D0FB02-3486-41B3-9CFF-27C3FB64442F}.Debug|Any CPU.Build.0 = Debug|Any CPU
		{D8D0FB02-3486-41B3-9CFF-27C3FB64442F}.Release|Any CPU.ActiveCfg = Release|Any CPU
		{D8D0FB02-3486-41B3-9CFF-27C3FB64442F}.Release|Any CPU.Build.0 = Release|Any CPU
		{321A1318-6EBB-495A-B13F-5993679AF7A1}.Debug|Any CPU.ActiveCfg = Debug|Any CPU
		{321A1318-6EBB-495A-B13F-5993679AF7A1}.Debug|Any CPU.Build.0 = Debug|Any CPU
		{321A1318-6EBB-495A-B13F-5993679AF7A1}.Release|Any CPU.ActiveCfg = Release|Any CPU
		{321A1318-6EBB-495A-B13F-5993679AF7A1}.Release|Any CPU.Build.0 = Release|Any CPU
	EndGlobalSection
	GlobalSection(SolutionProperties) = preSolution
		HideSolutionNode = FALSE
	EndGlobalSection
	GlobalSection(NestedProjects) = preSolution
		{13DB9014-0882-4015-A35A-E4FDD03C251C} = {85E6D4D3-857A-4CC1-B2B7-02F468F16348}
		{29B075B9-4396-4350-A03D-5434A759D687} = {85E6D4D3-857A-4CC1-B2B7-02F468F16348}
		{6E14F4EC-0606-4589-87FB-2777B7431D2B} = {13DB9014-0882-4015-A35A-E4FDD03C251C}
		{8DEA2A24-E528-4C34-8532-0500F73A24AF} = {29B075B9-4396-4350-A03D-5434A759D687}
		{ACF8EB7C-2996-4B3F-B77E-80BC0B7446AB} = {13DB9014-0882-4015-A35A-E4FDD03C251C}
		{3E374500-85F8-4A52-B80B-CBCDFBC3AB3E} = {6E14F4EC-0606-4589-87FB-2777B7431D2B}
		{D9D8C388-849F-4AC3-A850-058EB5A95728} = {6E14F4EC-0606-4589-87FB-2777B7431D2B}
		{9DC4F53C-B57B-46EF-A5A4-E06A031A8C88} = {6E14F4EC-0606-4589-87FB-2777B7431D2B}
		{F3537862-58FC-46C4-B6A1-4FF024CDEE9E} = {8DEA2A24-E528-4C34-8532-0500F73A24AF}
		{DC264C3F-1E66-4AE6-A8AF-65256E73624C} = {8DEA2A24-E528-4C34-8532-0500F73A24AF}
		{F2C57B4D-602E-4A79-8420-5BEB18C4C23D} = {8DEA2A24-E528-4C34-8532-0500F73A24AF}
		{59D3B54A-413A-4D8F-9DF4-9E175EFC6604} = {8DEA2A24-E528-4C34-8532-0500F73A24AF}
		{17C0C95E-6CE9-4CCB-924A-55362E20E4F4} = {8DEA2A24-E528-4C34-8532-0500F73A24AF}
		{39BDE948-4AEE-4660-8D24-745985BF1F8E} = {29B075B9-4396-4350-A03D-5434A759D687}
		{EC19251A-82F2-4AFE-BEEE-EB22247B882A} = {39BDE948-4AEE-4660-8D24-745985BF1F8E}
		{D8D0FB02-3486-41B3-9CFF-27C3FB64442F} = {39BDE948-4AEE-4660-8D24-745985BF1F8E}
		{321A1318-6EBB-495A-B13F-5993679AF7A1} = {39BDE948-4AEE-4660-8D24-745985BF1F8E}
	EndGlobalSection
	GlobalSection(ExtensibilityGlobals) = postSolution
		SolutionGuid = {38EB3450-3F72-4244-BF7E-9F081110F8D5}
	EndGlobalSection
EndGlobal
